
Microsoft Visual Studio Solution File, Format Version 12.00
# Visual Studio Version 17
VisualStudioVersion = 17.12.35521.163 d17.12
MinimumVisualStudioVersion = 10.0.40219.1
Project("{FAE04EC0-301F-11D3-BF4B-00C04F79EFBC}") = "WRITE BOTH THE SUM AND AVERAGE OF THE ELEMENTS IN THE ARRAY AT THE SAME TIME", "WRITE BOTH THE SUM AND AVERAGE OF THE ELEMENTS IN THE ARRAY AT THE SAME TIME.csproj", "{D1B92F78-A4E1-4C39-9E4E-00875DA12447}"
EndProject
Global
	GlobalSection(SolutionConfigurationPlatforms) = preSolution
		Debug|Any CPU = Debug|Any CPU
		Release|Any CPU = Release|Any CPU
	EndGlobalSection
	GlobalSection(ProjectConfigurationPlatforms) = postSolution
		{D1B92F78-A4E1-4C39-9E4E-00875DA12447}.Debug|Any CPU.ActiveCfg = Debug|Any CPU
		{D1B92F78-A4E1-4C39-9E4E-00875DA12447}.Debug|Any CPU.Build.0 = Debug|Any CPU
		{D1B92F78-A4E1-4C39-9E4E-00875DA12447}.Release|Any CPU.ActiveCfg = Release|Any CPU
		{D1B92F78-A4E1-4C39-9E4E-00875DA12447}.Release|Any CPU.Build.0 = Release|Any CPU
	EndGlobalSection
	GlobalSection(SolutionProperties) = preSolution
		HideSolutionNode = FALSE
	EndGlobalSection
EndGlobal
